
Microsoft Visual Studio Solution File, Format Version 12.00
# Visual Studio 15
VisualStudioVersion = 15.0.28010.2050
MinimumVisualStudioVersion = 10.0.40219.1
Project("{FAE04EC0-301F-11D3-BF4B-00C04F79EFBC}") = "Ch25-1-ThreadBasics", "Ch25-1-ThreadBasics.csproj", "{D2BA9EC8-9B76-4441-8E58-1102788407BE}"
EndProject
Project("{FAE04EC0-301F-11D3-BF4B-00C04F79EFBC}") = "Ch01-1-SomeLibrary", "Ch01-1-SomeLibrary.csproj", "{03634A5F-09FF-47D5-8BAF-3430B87561D8}"
EndProject
Project("{FAE04EC0-301F-11D3-BF4B-00C04F79EFBC}") = "Ch01-2-TypeMembersToIL", "Ch01-2-TypeMembersToIL.csproj", "{124DDBD4-517F-4BCE-B043-AA1D8800EB80}"
EndProject
Project("{FAE04EC0-301F-11D3-BF4B-00C04F79EFBC}") = "Ch02-1-SimpleProgram", "Ch02-1-SimpleProgram.csproj", "{CE20198E-6095-4BFC-B351-D2426081E687}"
EndProject
Project("{FAE04EC0-301F-11D3-BF4B-00C04F79EFBC}") = "Ch02-2-Minimum MSCorLib", "Ch02-2-Minimum MSCorLib.csproj", "{8FABA5DA-DF09-4A97-86B1-EEF2DB24D36E}"
EndProject
Project("{FAE04EC0-301F-11D3-BF4B-00C04F79EFBC}") = "Ch02-4-AppUsingMultiFileLibrary", "Ch02-4-AppUsingMultiFileLibrary.csproj", "{90E62D22-181E-4028-9EC1-54E890CA8018}"
EndProject
Project("{FAE04EC0-301F-11D3-BF4B-00C04F79EFBC}") = "Ch04-1-Type Fundamentals", "Ch04-1-Type Fundamentals.csproj", "{F6E2F875-FA2A-4263-BAC7-103BDD2DBFD0}"
EndProject
Project("{FAE04EC0-301F-11D3-BF4B-00C04F79EFBC}") = "Ch05-1-PrimitveReferenceValueTypes", "Ch05-1-PrimitveReferenceValueTypes.csproj", "{8A705576-BC44-461E-995C-5A296DC93CEB}"
EndProject
Project("{FAE04EC0-301F-11D3-BF4B-00C04F79EFBC}") = "Ch06-1-TypeMembers", "Ch06-1-TypeMembers.csproj", "{A6983BC1-0D5A-487A-AE8E-C33F3FE79853}"
EndProject
Project("{FAE04EC0-301F-11D3-BF4B-00C04F79EFBC}") = "Ch07-1-LibraryDefiningConstant", "Ch07-1-LibraryDefiningConstant.csproj", "{2E28E8B5-620F-465A-9D8F-D9FAE8AF97F4}"
EndProject
Project("{FAE04EC0-301F-11D3-BF4B-00C04F79EFBC}") = "Ch07-2-AppUsingLibraryConstant", "Ch07-2-AppUsingLibraryConstant.csproj", "{F76BDAF3-6A76-415D-B3BB-CD14E7AE1AFD}"
EndProject
Project("{FAE04EC0-301F-11D3-BF4B-00C04F79EFBC}") = "Ch07-3-LibraryDefiningReadOnlyField", "Ch07-3-LibraryDefiningReadOnlyField.csproj", "{1B6DDBC3-B59F-4150-9720-A6C1705ECF11}"
EndProject
Project("{FAE04EC0-301F-11D3-BF4B-00C04F79EFBC}") = "Ch07-4-AppUsingLibraryReadOnlyField", "Ch07-4-AppUsingLibraryReadOnlyField.csproj", "{0E9D85EC-4CD2-49B1-BBF0-DED41BB419A9}"
EndProject
Project("{FAE04EC0-301F-11D3-BF4B-00C04F79EFBC}") = "Ch07-5-Fields", "Ch07-5-Fields.csproj", "{6A10F850-1EB0-4E6D-AA7C-4A15A79DF5BA}"
EndProject
Project("{FAE04EC0-301F-11D3-BF4B-00C04F79EFBC}") = "Ch08-1-Methods", "Ch08-1-Methods.csproj", "{D9D7A4D1-AFD3-4448-B7B1-291AA3FA6F1D}"
EndProject
Project("{FAE04EC0-301F-11D3-BF4B-00C04F79EFBC}") = "Ch09-1-Parameters", "Ch09-1-Parameters.csproj", "{9B2DE75B-6430-4549-BD33-7A7DABCC8556}"
EndProject
Project("{FAE04EC0-301F-11D3-BF4B-00C04F79EFBC}") = "Ch10-1-Properties", "Ch10-1-Properties.csproj", "{7FD131AD-4A04-4127-99D2-50E5835D6DE5}"
EndProject
Project("{FAE04EC0-301F-11D3-BF4B-00C04F79EFBC}") = "Ch11-1-Events", "Ch11-1-Events.csproj", "{4A8F9C1D-B97B-420D-8436-5CA641A0FB2C}"
EndProject
Project("{FAE04EC0-301F-11D3-BF4B-00C04F79EFBC}") = "Ch12-1-Generics", "Ch12-1-Generics.csproj", "{09882A1C-87D3-4844-9EC9-A6CA8B961199}"
EndProject
Project("{FAE04EC0-301F-11D3-BF4B-00C04F79EFBC}") = "Ch13-1-Interfaces", "Ch13-1-Interfaces.csproj", "{1CB88E45-6870-4854-9BDD-2A03799775B4}"
EndProject
Project("{FAE04EC0-301F-11D3-BF4B-00C04F79EFBC}") = "Ch14-1-CharsAndStrings", "Ch14-1-CharsAndStrings.csproj", "{9F1DEF08-0BF2-4D91-8DB5-658CC1297DA2}"
EndProject
Project("{FAE04EC0-301F-11D3-BF4B-00C04F79EFBC}") = "Ch15-1-EnumsAndBitFlags", "Ch15-1-EnumsAndBitFlags.csproj", "{AB348A06-F9EC-4B50-A96E-7D3DD6D907BB}"
EndProject
Project("{FAE04EC0-301F-11D3-BF4B-00C04F79EFBC}") = "Ch16-1-Arrays", "Ch16-1-Arrays.csproj", "{2237152B-00AF-472B-81EC-3AA23A3FF698}"
EndProject
Project("{FAE04EC0-301F-11D3-BF4B-00C04F79EFBC}") = "Ch17-1-Delegates", "Ch17-1-Delegates.csproj", "{6A0E4BED-2E12-413F-801F-7E02ACA50D45}"
EndProject
Project("{FAE04EC0-301F-11D3-BF4B-00C04F79EFBC}") = "Ch18-1-CustomAttributes", "Ch18-1-CustomAttributes.csproj", "{B341EFC0-FEE4-4F2B-A4B5-D64F21C7F6F5}"
EndProject
Project("{FAE04EC0-301F-11D3-BF4B-00C04F79EFBC}") = "Ch19-1-NullableValueTypes", "Ch19-1-NullableValueTypes.csproj", "{56AA0815-65DC-4CCE-81F5-E9146C9B3726}"
EndProject
Project("{FAE04EC0-301F-11D3-BF4B-00C04F79EFBC}") = "Ch20-1-ExceptionHandling", "Ch20-1-ExceptionHandling.csproj", "{AEC7D22E-756B-4679-B28E-5808848EF132}"
EndProject
Project("{FAE04EC0-301F-11D3-BF4B-00C04F79EFBC}") = "Ch21-1-GarbageCollection", "Ch21-1-GarbageCollection.csproj", "{1D2BF940-7E79-44C2-9F82-C549470F2B68}"
EndProject
Project("{FAE04EC0-301F-11D3-BF4B-00C04F79EFBC}") = "Ch22-1-AppDomains", "Ch22-1-AppDomains.csproj", "{D8B65EF3-851D-4BE0-BBB5-5C0D586F7EA7}"
EndProject
Project("{FAE04EC0-301F-11D3-BF4B-00C04F79EFBC}") = "Ch23-1-AssemblyLoadingAndReflection", "Ch23-1-AssemblyLoadingAndReflection.csproj", "{8574B0B4-C843-40D7-A6F9-66EB8F4F613D}"
EndProject
Project("{FAE04EC0-301F-11D3-BF4B-00C04F79EFBC}") = "Ch23-2-AddIn_SDKAssembly", "Ch23-2-AddIn_SDKAssembly.csproj", "{FAFD6BEE-33F3-476B-9F86-5D054C7CA219}"
EndProject
Project("{FAE04EC0-301F-11D3-BF4B-00C04F79EFBC}") = "Ch23-3-AddIn_AddInTypes", "Ch23-3-AddIn_AddInTypes.csproj", "{D3DFAFDC-A040-4959-B43F-64AB03CB0181}"
EndProject
Project("{FAE04EC0-301F-11D3-BF4B-00C04F79EFBC}") = "Ch23-4-AddIn_Host", "Ch23-4-AddIn_Host.csproj", "{2CFFF3F7-AA6F-46F1-A70A-F9917002C607}"
EndProject
Project("{FAE04EC0-301F-11D3-BF4B-00C04F79EFBC}") = "Ch24-1-RuntimeSerialization", "Ch24-1-RuntimeSerialization.csproj", "{E64BE8E6-5BF2-411C-BFFA-D7ED0470E009}"
EndProject
Project("{FAE04EC0-301F-11D3-BF4B-00C04F79EFBC}") = "Ch26-1-ComputeOps", "Ch26-1-ComputeOps.csproj", "{65719739-D936-4B94-8654-9EF46B835C69}"
EndProject
Project("{FAE04EC0-301F-11D3-BF4B-00C04F79EFBC}") = "Ch27-1-IOOps", "Ch27-1-IOOps.csproj", "{C47AB646-986E-4EA5-B09D-6CBA602290E2}"
EndProject
Project("{FAE04EC0-301F-11D3-BF4B-00C04F79EFBC}") = "Ch28-1-PrimitveThreadSync", "Ch28-1-PrimitveThreadSync.csproj", "{D2FF3909-FD50-4B2B-A764-6B4FC0FDE6A2}"
EndProject
Project("{FAE04EC0-301F-11D3-BF4B-00C04F79EFBC}") = "Ch29-1-HybridThreadSync", "Ch29-1-HybridThreadSync.csproj", "{A7275EC7-1101-4D9E-8796-7479035E7AE5}"
EndProject
Global
	GlobalSection(SolutionConfigurationPlatforms) = preSolution
		Debug|Any CPU = Debug|Any CPU
		Debug|x86 = Debug|x86
		Release|Any CPU = Release|Any CPU
		Release|x86 = Release|x86
	EndGlobalSection
	GlobalSection(ProjectConfigurationPlatforms) = postSolution
		{D2BA9EC8-9B76-4441-8E58-1102788407BE}.Debug|Any CPU.ActiveCfg = Debug|x86
		{D2BA9EC8-9B76-4441-8E58-1102788407BE}.Debug|x86.ActiveCfg = Debug|x86
		{D2BA9EC8-9B76-4441-8E58-1102788407BE}.Debug|x86.Build.0 = Debug|x86
		{D2BA9EC8-9B76-4441-8E58-1102788407BE}.Release|Any CPU.ActiveCfg = Release|x86
		{D2BA9EC8-9B76-4441-8E58-1102788407BE}.Release|x86.ActiveCfg = Release|x86
		{D2BA9EC8-9B76-4441-8E58-1102788407BE}.Release|x86.Build.0 = Release|x86
		{03634A5F-09FF-47D5-8BAF-3430B87561D8}.Debug|Any CPU.ActiveCfg = Debug|Any CPU
		{03634A5F-09FF-47D5-8BAF-3430B87561D8}.Debug|Any CPU.Build.0 = Debug|Any CPU
		{03634A5F-09FF-47D5-8BAF-3430B87561D8}.Debug|x86.ActiveCfg = Debug|Any CPU
		{03634A5F-09FF-47D5-8BAF-3430B87561D8}.Debug|x86.Build.0 = Debug|Any CPU
		{03634A5F-09FF-47D5-8BAF-3430B87561D8}.Release|Any CPU.ActiveCfg = Release|Any CPU
		{03634A5F-09FF-47D5-8BAF-3430B87561D8}.Release|Any CPU.Build.0 = Release|Any CPU
		{03634A5F-09FF-47D5-8BAF-3430B87561D8}.Release|x86.ActiveCfg = Release|Any CPU
		{03634A5F-09FF-47D5-8BAF-3430B87561D8}.Release|x86.Build.0 = Release|Any CPU
		{124DDBD4-517F-4BCE-B043-AA1D8800EB80}.Debug|Any CPU.ActiveCfg = Debug|Any CPU
		{124DDBD4-517F-4BCE-B043-AA1D8800EB80}.Debug|Any CPU.Build.0 = Debug|Any CPU
		{124DDBD4-517F-4BCE-B043-AA1D8800EB80}.Debug|x86.ActiveCfg = Debug|Any CPU
		{124DDBD4-517F-4BCE-B043-AA1D8800EB80}.Debug|x86.Build.0 = Debug|Any CPU
		{124DDBD4-517F-4BCE-B043-AA1D8800EB80}.Release|Any CPU.ActiveCfg = Release|Any CPU
		{124DDBD4-517F-4BCE-B043-AA1D8800EB80}.Release|Any CPU.Build.0 = Release|Any CPU
		{124DDBD4-517F-4BCE-B043-AA1D8800EB80}.Release|x86.ActiveCfg = Release|Any CPU
		{124DDBD4-517F-4BCE-B043-AA1D8800EB80}.Release|x86.Build.0 = Release|Any CPU
		{CE20198E-6095-4BFC-B351-D2426081E687}.Debug|Any CPU.ActiveCfg = Debug|Any CPU
		{CE20198E-6095-4BFC-B351-D2426081E687}.Debug|Any CPU.Build.0 = Debug|Any CPU
		{CE20198E-6095-4BFC-B351-D2426081E687}.Debug|x86.ActiveCfg = Debug|Any CPU
		{CE20198E-6095-4BFC-B351-D2426081E687}.Debug|x86.Build.0 = Debug|Any CPU
		{CE20198E-6095-4BFC-B351-D2426081E687}.Release|Any CPU.ActiveCfg = Release|Any CPU
		{CE20198E-6095-4BFC-B351-D2426081E687}.Release|Any CPU.Build.0 = Release|Any CPU
		{CE20198E-6095-4BFC-B351-D2426081E687}.Release|x86.ActiveCfg = Release|Any CPU
		{CE20198E-6095-4BFC-B351-D2426081E687}.Release|x86.Build.0 = Release|Any CPU
		{8FABA5DA-DF09-4A97-86B1-EEF2DB24D36E}.Debug|Any CPU.ActiveCfg = Debug|x86
		{8FABA5DA-DF09-4A97-86B1-EEF2DB24D36E}.Debug|x86.ActiveCfg = Debug|x86
		{8FABA5DA-DF09-4A97-86B1-EEF2DB24D36E}.Debug|x86.Build.0 = Debug|x86
		{8FABA5DA-DF09-4A97-86B1-EEF2DB24D36E}.Release|Any CPU.ActiveCfg = Release|x86
		{8FABA5DA-DF09-4A97-86B1-EEF2DB24D36E}.Release|x86.ActiveCfg = Release|x86
		{8FABA5DA-DF09-4A97-86B1-EEF2DB24D36E}.Release|x86.Build.0 = Release|x86
		{90E62D22-181E-4028-9EC1-54E890CA8018}.Debug|Any CPU.ActiveCfg = Debug|x86
		{90E62D22-181E-4028-9EC1-54E890CA8018}.Debug|x86.ActiveCfg = Debug|x86
		{90E62D22-181E-4028-9EC1-54E890CA8018}.Debug|x86.Build.0 = Debug|x86
		{90E62D22-181E-4028-9EC1-54E890CA8018}.Release|Any CPU.ActiveCfg = Release|x86
		{90E62D22-181E-4028-9EC1-54E890CA8018}.Release|x86.ActiveCfg = Release|x86
		{90E62D22-181E-4028-9EC1-54E890CA8018}.Release|x86.Build.0 = Release|x86
		{F6E2F875-FA2A-4263-BAC7-103BDD2DBFD0}.Debug|Any CPU.ActiveCfg = Debug|Any CPU
		{F6E2F875-FA2A-4263-BAC7-103BDD2DBFD0}.Debug|Any CPU.Build.0 = Debug|Any CPU
		{F6E2F875-FA2A-4263-BAC7-103BDD2DBFD0}.Debug|x86.ActiveCfg = Debug|Any CPU
		{F6E2F875-FA2A-4263-BAC7-103BDD2DBFD0}.Debug|x86.Build.0 = Debug|Any CPU
		{F6E2F875-FA2A-4263-BAC7-103BDD2DBFD0}.Release|Any CPU.ActiveCfg = Release|Any CPU
		{F6E2F875-FA2A-4263-BAC7-103BDD2DBFD0}.Release|Any CPU.Build.0 = Release|Any CPU
		{F6E2F875-FA2A-4263-BAC7-103BDD2DBFD0}.Release|x86.ActiveCfg = Release|Any CPU
		{F6E2F875-FA2A-4263-BAC7-103BDD2DBFD0}.Release|x86.Build.0 = Release|Any CPU
		{8A705576-BC44-461E-995C-5A296DC93CEB}.Debug|Any CPU.ActiveCfg = Debug|Any CPU
		{8A705576-BC44-461E-995C-5A296DC93CEB}.Debug|Any CPU.Build.0 = Debug|Any CPU
		{8A705576-BC44-461E-995C-5A296DC93CEB}.Debug|x86.ActiveCfg = Debug|Any CPU
		{8A705576-BC44-461E-995C-5A296DC93CEB}.Debug|x86.Build.0 = Debug|Any CPU
		{8A705576-BC44-461E-995C-5A296DC93CEB}.Release|Any CPU.ActiveCfg = Release|Any CPU
		{8A705576-BC44-461E-995C-5A296DC93CEB}.Release|Any CPU.Build.0 = Release|Any CPU
		{8A705576-BC44-461E-995C-5A296DC93CEB}.Release|x86.ActiveCfg = Release|Any CPU
		{8A705576-BC44-461E-995C-5A296DC93CEB}.Release|x86.Build.0 = Release|Any CPU
		{A6983BC1-0D5A-487A-AE8E-C33F3FE79853}.Debug|Any CPU.ActiveCfg = Debug|Any CPU
		{A6983BC1-0D5A-487A-AE8E-C33F3FE79853}.Debug|Any CPU.Build.0 = Debug|Any CPU
		{A6983BC1-0D5A-487A-AE8E-C33F3FE79853}.Debug|x86.ActiveCfg = Debug|Any CPU
		{A6983BC1-0D5A-487A-AE8E-C33F3FE79853}.Debug|x86.Build.0 = Debug|Any CPU
		{A6983BC1-0D5A-487A-AE8E-C33F3FE79853}.Release|Any CPU.ActiveCfg = Release|Any CPU
		{A6983BC1-0D5A-487A-AE8E-C33F3FE79853}.Release|Any CPU.Build.0 = Release|Any CPU
		{A6983BC1-0D5A-487A-AE8E-C33F3FE79853}.Release|x86.ActiveCfg = Release|Any CPU
		{A6983BC1-0D5A-487A-AE8E-C33F3FE79853}.Release|x86.Build.0 = Release|Any CPU
		{2E28E8B5-620F-465A-9D8F-D9FAE8AF97F4}.Debug|Any CPU.ActiveCfg = Debug|Any CPU
		{2E28E8B5-620F-465A-9D8F-D9FAE8AF97F4}.Debug|Any CPU.Build.0 = Debug|Any CPU
		{2E28E8B5-620F-465A-9D8F-D9FAE8AF97F4}.Debug|x86.ActiveCfg = Debug|Any CPU
		{2E28E8B5-620F-465A-9D8F-D9FAE8AF97F4}.Debug|x86.Build.0 = Debug|Any CPU
		{2E28E8B5-620F-465A-9D8F-D9FAE8AF97F4}.Release|Any CPU.ActiveCfg = Release|Any CPU
		{2E28E8B5-620F-465A-9D8F-D9FAE8AF97F4}.Release|Any CPU.Build.0 = Release|Any CPU
		{2E28E8B5-620F-465A-9D8F-D9FAE8AF97F4}.Release|x86.ActiveCfg = Release|Any CPU
		{2E28E8B5-620F-465A-9D8F-D9FAE8AF97F4}.Release|x86.Build.0 = Release|Any CPU
		{F76BDAF3-6A76-415D-B3BB-CD14E7AE1AFD}.Debug|Any CPU.ActiveCfg = Debug|Any CPU
		{F76BDAF3-6A76-415D-B3BB-CD14E7AE1AFD}.Debug|Any CPU.Build.0 = Debug|Any CPU
		{F76BDAF3-6A76-415D-B3BB-CD14E7AE1AFD}.Debug|x86.ActiveCfg = Debug|Any CPU
		{F76BDAF3-6A76-415D-B3BB-CD14E7AE1AFD}.Debug|x86.Build.0 = Debug|Any CPU
		{F76BDAF3-6A76-415D-B3BB-CD14E7AE1AFD}.Release|Any CPU.ActiveCfg = Release|Any CPU
		{F76BDAF3-6A76-415D-B3BB-CD14E7AE1AFD}.Release|Any CPU.Build.0 = Release|Any CPU
		{F76BDAF3-6A76-415D-B3BB-CD14E7AE1AFD}.Release|x86.ActiveCfg = Release|Any CPU
		{F76BDAF3-6A76-415D-B3BB-CD14E7AE1AFD}.Release|x86.Build.0 = Release|Any CPU
		{1B6DDBC3-B59F-4150-9720-A6C1705ECF11}.Debug|Any CPU.ActiveCfg = Debug|Any CPU
		{1B6DDBC3-B59F-4150-9720-A6C1705ECF11}.Debug|Any CPU.Build.0 = Debug|Any CPU
		{1B6DDBC3-B59F-4150-9720-A6C1705ECF11}.Debug|x86.ActiveCfg = Debug|Any CPU
		{1B6DDBC3-B59F-4150-9720-A6C1705ECF11}.Debug|x86.Build.0 = Debug|Any CPU
		{1B6DDBC3-B59F-4150-9720-A6C1705ECF11}.Release|Any CPU.ActiveCfg = Release|Any CPU
		{1B6DDBC3-B59F-4150-9720-A6C1705ECF11}.Release|Any CPU.Build.0 = Release|Any CPU
		{1B6DDBC3-B59F-4150-9720-A6C1705ECF11}.Release|x86.ActiveCfg = Release|Any CPU
		{1B6DDBC3-B59F-4150-9720-A6C1705ECF11}.Release|x86.Build.0 = Release|Any CPU
		{0E9D85EC-4CD2-49B1-BBF0-DED41BB419A9}.Debug|Any CPU.ActiveCfg = Debug|Any CPU
		{0E9D85EC-4CD2-49B1-BBF0-DED41BB419A9}.Debug|Any CPU.Build.0 = Debug|Any CPU
		{0E9D85EC-4CD2-49B1-BBF0-DED41BB419A9}.Debug|x86.ActiveCfg = Debug|Any CPU
		{0E9D85EC-4CD2-49B1-BBF0-DED41BB419A9}.Debug|x86.Build.0 = Debug|Any CPU
		{0E9D85EC-4CD2-49B1-BBF0-DED41BB419A9}.Release|Any CPU.ActiveCfg = Release|Any CPU
		{0E9D85EC-4CD2-49B1-BBF0-DED41BB419A9}.Release|Any CPU.Build.0 = Release|Any CPU
		{0E9D85EC-4CD2-49B1-BBF0-DED41BB419A9}.Release|x86.ActiveCfg = Release|Any CPU
		{0E9D85EC-4CD2-49B1-BBF0-DED41BB419A9}.Release|x86.Build.0 = Release|Any CPU
		{6A10F850-1EB0-4E6D-AA7C-4A15A79DF5BA}.Debug|Any CPU.ActiveCfg = Debug|Any CPU
		{6A10F850-1EB0-4E6D-AA7C-4A15A79DF5BA}.Debug|Any CPU.Build.0 = Debug|Any CPU
		{6A10F850-1EB0-4E6D-AA7C-4A15A79DF5BA}.Debug|x86.ActiveCfg = Debug|Any CPU
		{6A10F850-1EB0-4E6D-AA7C-4A15A79DF5BA}.Debug|x86.Build.0 = Debug|Any CPU
		{6A10F850-1EB0-4E6D-AA7C-4A15A79DF5BA}.Release|Any CPU.ActiveCfg = Release|Any CPU
		{6A10F850-1EB0-4E6D-AA7C-4A15A79DF5BA}.Release|Any CPU.Build.0 = Release|Any CPU
		{6A10F850-1EB0-4E6D-AA7C-4A15A79DF5BA}.Release|x86.ActiveCfg = Release|Any CPU
		{6A10F850-1EB0-4E6D-AA7C-4A15A79DF5BA}.Release|x86.Build.0 = Release|Any CPU
		{D9D7A4D1-AFD3-4448-B7B1-291AA3FA6F1D}.Debug|Any CPU.ActiveCfg = Debug|Any CPU
		{D9D7A4D1-AFD3-4448-B7B1-291AA3FA6F1D}.Debug|Any CPU.Build.0 = Debug|Any CPU
		{D9D7A4D1-AFD3-4448-B7B1-291AA3FA6F1D}.Debug|x86.ActiveCfg = Debug|Any CPU
		{D9D7A4D1-AFD3-4448-B7B1-291AA3FA6F1D}.Debug|x86.Build.0 = Debug|Any CPU
		{D9D7A4D1-AFD3-4448-B7B1-291AA3FA6F1D}.Release|Any CPU.ActiveCfg = Release|Any CPU
		{D9D7A4D1-AFD3-4448-B7B1-291AA3FA6F1D}.Release|Any CPU.Build.0 = Release|Any CPU
		{D9D7A4D1-AFD3-4448-B7B1-291AA3FA6F1D}.Release|x86.ActiveCfg = Release|Any CPU
		{D9D7A4D1-AFD3-4448-B7B1-291AA3FA6F1D}.Release|x86.Build.0 = Release|Any CPU
		{9B2DE75B-6430-4549-BD33-7A7DABCC8556}.Debug|Any CPU.ActiveCfg = Debug|x86
		{9B2DE75B-6430-4549-BD33-7A7DABCC8556}.Debug|x86.ActiveCfg = Debug|x86
		{9B2DE75B-6430-4549-BD33-7A7DABCC8556}.Debug|x86.Build.0 = Debug|x86
		{9B2DE75B-6430-4549-BD33-7A7DABCC8556}.Release|Any CPU.ActiveCfg = Release|x86
		{9B2DE75B-6430-4549-BD33-7A7DABCC8556}.Release|x86.ActiveCfg = Release|x86
		{9B2DE75B-6430-4549-BD33-7A7DABCC8556}.Release|x86.Build.0 = Release|x86
		{7FD131AD-4A04-4127-99D2-50E5835D6DE5}.Debug|Any CPU.ActiveCfg = Debug|Any CPU
		{7FD131AD-4A04-4127-99D2-50E5835D6DE5}.Debug|Any CPU.Build.0 = Debug|Any CPU
		{7FD131AD-4A04-4127-99D2-50E5835D6DE5}.Debug|x86.ActiveCfg = Debug|Any CPU
		{7FD131AD-4A04-4127-99D2-50E5835D6DE5}.Debug|x86.Build.0 = Debug|Any CPU
		{7FD131AD-4A04-4127-99D2-50E5835D6DE5}.Release|Any CPU.ActiveCfg = Release|Any CPU
		{7FD131AD-4A04-4127-99D2-50E5835D6DE5}.Release|Any CPU.Build.0 = Release|Any CPU
		{7FD131AD-4A04-4127-99D2-50E5835D6DE5}.Release|x86.ActiveCfg = Release|Any CPU
		{7FD131AD-4A04-4127-99D2-50E5835D6DE5}.Release|x86.Build.0 = Release|Any CPU
		{4A8F9C1D-B97B-420D-8436-5CA641A0FB2C}.Debug|Any CPU.ActiveCfg = Debug|Any CPU
		{4A8F9C1D-B97B-420D-8436-5CA641A0FB2C}.Debug|Any CPU.Build.0 = Debug|Any CPU
		{4A8F9C1D-B97B-420D-8436-5CA641A0FB2C}.Debug|x86.ActiveCfg = Debug|Any CPU
		{4A8F9C1D-B97B-420D-8436-5CA641A0FB2C}.Debug|x86.Build.0 = Debug|Any CPU
		{4A8F9C1D-B97B-420D-8436-5CA641A0FB2C}.Release|Any CPU.ActiveCfg = Release|Any CPU
		{4A8F9C1D-B97B-420D-8436-5CA641A0FB2C}.Release|Any CPU.Build.0 = Release|Any CPU
		{4A8F9C1D-B97B-420D-8436-5CA641A0FB2C}.Release|x86.ActiveCfg = Release|Any CPU
		{4A8F9C1D-B97B-420D-8436-5CA641A0FB2C}.Release|x86.Build.0 = Release|Any CPU
		{09882A1C-87D3-4844-9EC9-A6CA8B961199}.Debug|Any CPU.ActiveCfg = Debug|Any CPU
		{09882A1C-87D3-4844-9EC9-A6CA8B961199}.Debug|Any CPU.Build.0 = Debug|Any CPU
		{09882A1C-87D3-4844-9EC9-A6CA8B961199}.Debug|x86.ActiveCfg = Debug|Any CPU
		{09882A1C-87D3-4844-9EC9-A6CA8B961199}.Debug|x86.Build.0 = Debug|Any CPU
		{09882A1C-87D3-4844-9EC9-A6CA8B961199}.Release|Any CPU.ActiveCfg = Release|Any CPU
		{09882A1C-87D3-4844-9EC9-A6CA8B961199}.Release|Any CPU.Build.0 = Release|Any CPU
		{09882A1C-87D3-4844-9EC9-A6CA8B961199}.Release|x86.ActiveCfg = Release|Any CPU
		{09882A1C-87D3-4844-9EC9-A6CA8B961199}.Release|x86.Build.0 = Release|Any CPU
		{1CB88E45-6870-4854-9BDD-2A03799775B4}.Debug|Any CPU.ActiveCfg = Debug|Any CPU
		{1CB88E45-6870-4854-9BDD-2A03799775B4}.Debug|Any CPU.Build.0 = Debug|Any CPU
		{1CB88E45-6870-4854-9BDD-2A03799775B4}.Debug|x86.ActiveCfg = Debug|Any CPU
		{1CB88E45-6870-4854-9BDD-2A03799775B4}.Debug|x86.Build.0 = Debug|Any CPU
		{1CB88E45-6870-4854-9BDD-2A03799775B4}.Release|Any CPU.ActiveCfg = Release|Any CPU
		{1CB88E45-6870-4854-9BDD-2A03799775B4}.Release|Any CPU.Build.0 = Release|Any CPU
		{1CB88E45-6870-4854-9BDD-2A03799775B4}.Release|x86.ActiveCfg = Release|Any CPU
		{1CB88E45-6870-4854-9BDD-2A03799775B4}.Release|x86.Build.0 = Release|Any CPU
		{9F1DEF08-0BF2-4D91-8DB5-658CC1297DA2}.Debug|Any CPU.ActiveCfg = Debug|Any CPU
		{9F1DEF08-0BF2-4D91-8DB5-658CC1297DA2}.Debug|Any CPU.Build.0 = Debug|Any CPU
		{9F1DEF08-0BF2-4D91-8DB5-658CC1297DA2}.Debug|x86.ActiveCfg = Debug|Any CPU
		{9F1DEF08-0BF2-4D91-8DB5-658CC1297DA2}.Debug|x86.Build.0 = Debug|Any CPU
		{9F1DEF08-0BF2-4D91-8DB5-658CC1297DA2}.Release|Any CPU.ActiveCfg = Release|Any CPU
		{9F1DEF08-0BF2-4D91-8DB5-658CC1297DA2}.Release|Any CPU.Build.0 = Release|Any CPU
		{9F1DEF08-0BF2-4D91-8DB5-658CC1297DA2}.Release|x86.ActiveCfg = Release|Any CPU
		{9F1DEF08-0BF2-4D91-8DB5-658CC1297DA2}.Release|x86.Build.0 = Release|Any CPU
		{AB348A06-F9EC-4B50-A96E-7D3DD6D907BB}.Debug|Any CPU.ActiveCfg = Debug|Any CPU
		{AB348A06-F9EC-4B50-A96E-7D3DD6D907BB}.Debug|Any CPU.Build.0 = Debug|Any CPU
		{AB348A06-F9EC-4B50-A96E-7D3DD6D907BB}.Debug|x86.ActiveCfg = Debug|Any CPU
		{AB348A06-F9EC-4B50-A96E-7D3DD6D907BB}.Debug|x86.Build.0 = Debug|Any CPU
		{AB348A06-F9EC-4B50-A96E-7D3DD6D907BB}.Release|Any CPU.ActiveCfg = Release|Any CPU
		{AB348A06-F9EC-4B50-A96E-7D3DD6D907BB}.Release|Any CPU.Build.0 = Release|Any CPU
		{AB348A06-F9EC-4B50-A96E-7D3DD6D907BB}.Release|x86.ActiveCfg = Release|Any CPU
		{AB348A06-F9EC-4B50-A96E-7D3DD6D907BB}.Release|x86.Build.0 = Release|Any CPU
		{2237152B-00AF-472B-81EC-3AA23A3FF698}.Debug|Any CPU.ActiveCfg = Debug|Any CPU
		{2237152B-00AF-472B-81EC-3AA23A3FF698}.Debug|Any CPU.Build.0 = Debug|Any CPU
		{2237152B-00AF-472B-81EC-3AA23A3FF698}.Debug|x86.ActiveCfg = Debug|Any CPU
		{2237152B-00AF-472B-81EC-3AA23A3FF698}.Debug|x86.Build.0 = Debug|Any CPU
		{2237152B-00AF-472B-81EC-3AA23A3FF698}.Release|Any CPU.ActiveCfg = Release|Any CPU
		{2237152B-00AF-472B-81EC-3AA23A3FF698}.Release|Any CPU.Build.0 = Release|Any CPU
		{2237152B-00AF-472B-81EC-3AA23A3FF698}.Release|x86.ActiveCfg = Release|Any CPU
		{2237152B-00AF-472B-81EC-3AA23A3FF698}.Release|x86.Build.0 = Release|Any CPU
		{6A0E4BED-2E12-413F-801F-7E02ACA50D45}.Debug|Any CPU.ActiveCfg = Debug|Any CPU
		{6A0E4BED-2E12-413F-801F-7E02ACA50D45}.Debug|Any CPU.Build.0 = Debug|Any CPU
		{6A0E4BED-2E12-413F-801F-7E02ACA50D45}.Debug|x86.ActiveCfg = Debug|Any CPU
		{6A0E4BED-2E12-413F-801F-7E02ACA50D45}.Debug|x86.Build.0 = Debug|Any CPU
		{6A0E4BED-2E12-413F-801F-7E02ACA50D45}.Release|Any CPU.ActiveCfg = Release|Any CPU
		{6A0E4BED-2E12-413F-801F-7E02ACA50D45}.Release|Any CPU.Build.0 = Release|Any CPU
		{6A0E4BED-2E12-413F-801F-7E02ACA50D45}.Release|x86.ActiveCfg = Release|Any CPU
		{6A0E4BED-2E12-413F-801F-7E02ACA50D45}.Release|x86.Build.0 = Release|Any CPU
		{B341EFC0-FEE4-4F2B-A4B5-D64F21C7F6F5}.Debug|Any CPU.ActiveCfg = Debug|Any CPU
		{B341EFC0-FEE4-4F2B-A4B5-D64F21C7F6F5}.Debug|Any CPU.Build.0 = Debug|Any CPU
		{B341EFC0-FEE4-4F2B-A4B5-D64F21C7F6F5}.Debug|x86.ActiveCfg = Debug|Any CPU
		{B341EFC0-FEE4-4F2B-A4B5-D64F21C7F6F5}.Debug|x86.Build.0 = Debug|Any CPU
		{B341EFC0-FEE4-4F2B-A4B5-D64F21C7F6F5}.Release|Any CPU.ActiveCfg = Release|Any CPU
		{B341EFC0-FEE4-4F2B-A4B5-D64F21C7F6F5}.Release|Any CPU.Build.0 = Release|Any CPU
		{B341EFC0-FEE4-4F2B-A4B5-D64F21C7F6F5}.Release|x86.ActiveCfg = Release|Any CPU
		{B341EFC0-FEE4-4F2B-A4B5-D64F21C7F6F5}.Release|x86.Build.0 = Release|Any CPU
		{56AA0815-65DC-4CCE-81F5-E9146C9B3726}.Debug|Any CPU.ActiveCfg = Debug|Any CPU
		{56AA0815-65DC-4CCE-81F5-E9146C9B3726}.Debug|Any CPU.Build.0 = Debug|Any CPU
		{56AA0815-65DC-4CCE-81F5-E9146C9B3726}.Debug|x86.ActiveCfg = Debug|Any CPU
		{56AA0815-65DC-4CCE-81F5-E9146C9B3726}.Debug|x86.Build.0 = Debug|Any CPU
		{56AA0815-65DC-4CCE-81F5-E9146C9B3726}.Release|Any CPU.ActiveCfg = Release|Any CPU
		{56AA0815-65DC-4CCE-81F5-E9146C9B3726}.Release|Any CPU.Build.0 = Release|Any CPU
		{56AA0815-65DC-4CCE-81F5-E9146C9B3726}.Release|x86.ActiveCfg = Release|Any CPU
		{56AA0815-65DC-4CCE-81F5-E9146C9B3726}.Release|x86.Build.0 = Release|Any CPU
		{AEC7D22E-756B-4679-B28E-5808848EF132}.Debug|Any CPU.ActiveCfg = Debug|x86
		{AEC7D22E-756B-4679-B28E-5808848EF132}.Debug|x86.ActiveCfg = Debug|x86
		{AEC7D22E-756B-4679-B28E-5808848EF132}.Debug|x86.Build.0 = Debug|x86
		{AEC7D22E-756B-4679-B28E-5808848EF132}.Release|Any CPU.ActiveCfg = Release|x86
		{AEC7D22E-756B-4679-B28E-5808848EF132}.Release|x86.ActiveCfg = Release|x86
		{AEC7D22E-756B-4679-B28E-5808848EF132}.Release|x86.Build.0 = Release|x86
		{1D2BF940-7E79-44C2-9F82-C549470F2B68}.Debug|Any CPU.ActiveCfg = Debug|x86
		{1D2BF940-7E79-44C2-9F82-C549470F2B68}.Debug|x86.ActiveCfg = Debug|x86
		{1D2BF940-7E79-44C2-9F82-C549470F2B68}.Debug|x86.Build.0 = Debug|x86
		{1D2BF940-7E79-44C2-9F82-C549470F2B68}.Release|Any CPU.ActiveCfg = Release|x86
		{1D2BF940-7E79-44C2-9F82-C549470F2B68}.Release|x86.ActiveCfg = Release|x86
		{1D2BF940-7E79-44C2-9F82-C549470F2B68}.Release|x86.Build.0 = Release|x86
		{D8B65EF3-851D-4BE0-BBB5-5C0D586F7EA7}.Debug|Any CPU.ActiveCfg = Debug|Any CPU
		{D8B65EF3-851D-4BE0-BBB5-5C0D586F7EA7}.Debug|Any CPU.Build.0 = Debug|Any CPU
		{D8B65EF3-851D-4BE0-BBB5-5C0D586F7EA7}.Debug|x86.ActiveCfg = Debug|Any CPU
		{D8B65EF3-851D-4BE0-BBB5-5C0D586F7EA7}.Debug|x86.Build.0 = Debug|Any CPU
		{D8B65EF3-851D-4BE0-BBB5-5C0D586F7EA7}.Release|Any CPU.ActiveCfg = Release|Any CPU
		{D8B65EF3-851D-4BE0-BBB5-5C0D586F7EA7}.Release|Any CPU.Build.0 = Release|Any CPU
		{D8B65EF3-851D-4BE0-BBB5-5C0D586F7EA7}.Release|x86.ActiveCfg = Release|Any CPU
		{D8B65EF3-851D-4BE0-BBB5-5C0D586F7EA7}.Release|x86.Build.0 = Release|Any CPU
		{8574B0B4-C843-40D7-A6F9-66EB8F4F613D}.Debug|Any CPU.ActiveCfg = Debug|Any CPU
		{8574B0B4-C843-40D7-A6F9-66EB8F4F613D}.Debug|Any CPU.Build.0 = Debug|Any CPU
		{8574B0B4-C843-40D7-A6F9-66EB8F4F613D}.Debug|x86.ActiveCfg = Debug|Any CPU
		{8574B0B4-C843-40D7-A6F9-66EB8F4F613D}.Debug|x86.Build.0 = Debug|Any CPU
		{8574B0B4-C843-40D7-A6F9-66EB8F4F613D}.Release|Any CPU.ActiveCfg = Release|Any CPU
		{8574B0B4-C843-40D7-A6F9-66EB8F4F613D}.Release|Any CPU.Build.0 = Release|Any CPU
		{8574B0B4-C843-40D7-A6F9-66EB8F4F613D}.Release|x86.ActiveCfg = Release|Any CPU
		{8574B0B4-C843-40D7-A6F9-66EB8F4F613D}.Release|x86.Build.0 = Release|Any CPU
		{FAFD6BEE-33F3-476B-9F86-5D054C7CA219}.Debug|Any CPU.ActiveCfg = Debug|Any CPU
		{FAFD6BEE-33F3-476B-9F86-5D054C7CA219}.Debug|Any CPU.Build.0 = Debug|Any CPU
		{FAFD6BEE-33F3-476B-9F86-5D054C7CA219}.Debug|x86.ActiveCfg = Debug|Any CPU
		{FAFD6BEE-33F3-476B-9F86-5D054C7CA219}.Debug|x86.Build.0 = Debug|Any CPU
		{FAFD6BEE-33F3-476B-9F86-5D054C7CA219}.Release|Any CPU.ActiveCfg = Release|Any CPU
		{FAFD6BEE-33F3-476B-9F86-5D054C7CA219}.Release|Any CPU.Build.0 = Release|Any CPU
		{FAFD6BEE-33F3-476B-9F86-5D054C7CA219}.Release|x86.ActiveCfg = Release|Any CPU
		{FAFD6BEE-33F3-476B-9F86-5D054C7CA219}.Release|x86.Build.0 = Release|Any CPU
		{D3DFAFDC-A040-4959-B43F-64AB03CB0181}.Debug|Any CPU.ActiveCfg = Debug|Any CPU
		{D3DFAFDC-A040-4959-B43F-64AB03CB0181}.Debug|Any CPU.Build.0 = Debug|Any CPU
		{D3DFAFDC-A040-4959-B43F-64AB03CB0181}.Debug|x86.ActiveCfg = Debug|Any CPU
		{D3DFAFDC-A040-4959-B43F-64AB03CB0181}.Debug|x86.Build.0 = Debug|Any CPU
		{D3DFAFDC-A040-4959-B43F-64AB03CB0181}.Release|Any CPU.ActiveCfg = Release|Any CPU
		{D3DFAFDC-A040-4959-B43F-64AB03CB0181}.Release|Any CPU.Build.0 = Release|Any CPU
		{D3DFAFDC-A040-4959-B43F-64AB03CB0181}.Release|x86.ActiveCfg = Release|Any CPU
		{D3DFAFDC-A040-4959-B43F-64AB03CB0181}.Release|x86.Build.0 = Release|Any CPU
		{2CFFF3F7-AA6F-46F1-A70A-F9917002C607}.Debug|Any CPU.ActiveCfg = Debug|Any CPU
		{2CFFF3F7-AA6F-46F1-A70A-F9917002C607}.Debug|Any CPU.Build.0 = Debug|Any CPU
		{2CFFF3F7-AA6F-46F1-A70A-F9917002C607}.Debug|x86.ActiveCfg = Debug|Any CPU
		{2CFFF3F7-AA6F-46F1-A70A-F9917002C607}.Debug|x86.Build.0 = Debug|Any CPU
		{2CFFF3F7-AA6F-46F1-A70A-F9917002C607}.Release|Any CPU.ActiveCfg = Release|Any CPU
		{2CFFF3F7-AA6F-46F1-A70A-F9917002C607}.Release|Any CPU.Build.0 = Release|Any CPU
		{2CFFF3F7-AA6F-46F1-A70A-F9917002C607}.Release|x86.ActiveCfg = Release|Any CPU
		{2CFFF3F7-AA6F-46F1-A70A-F9917002C607}.Release|x86.Build.0 = Release|Any CPU
		{E64BE8E6-5BF2-411C-BFFA-D7ED0470E009}.Debug|Any CPU.ActiveCfg = Debug|x86
		{E64BE8E6-5BF2-411C-BFFA-D7ED0470E009}.Debug|x86.ActiveCfg = Debug|x86
		{E64BE8E6-5BF2-411C-BFFA-D7ED0470E009}.Debug|x86.Build.0 = Debug|x86
		{E64BE8E6-5BF2-411C-BFFA-D7ED0470E009}.Release|Any CPU.ActiveCfg = Release|x86
		{E64BE8E6-5BF2-411C-BFFA-D7ED0470E009}.Release|x86.ActiveCfg = Release|x86
		{E64BE8E6-5BF2-411C-BFFA-D7ED0470E009}.Release|x86.Build.0 = Release|x86
		{65719739-D936-4B94-8654-9EF46B835C69}.Debug|Any CPU.ActiveCfg = Debug|x86
		{65719739-D936-4B94-8654-9EF46B835C69}.Debug|x86.ActiveCfg = Debug|x86
		{65719739-D936-4B94-8654-9EF46B835C69}.Debug|x86.Build.0 = Debug|x86
		{65719739-D936-4B94-8654-9EF46B835C69}.Release|Any CPU.ActiveCfg = Release|x86
		{65719739-D936-4B94-8654-9EF46B835C69}.Release|x86.ActiveCfg = Release|x86
		{65719739-D936-4B94-8654-9EF46B835C69}.Release|x86.Build.0 = Release|x86
		{C47AB646-986E-4EA5-B09D-6CBA602290E2}.Debug|Any CPU.ActiveCfg = Debug|x86
		{C47AB646-986E-4EA5-B09D-6CBA602290E2}.Debug|x86.ActiveCfg = Debug|x86
		{C47AB646-986E-4EA5-B09D-6CBA602290E2}.Debug|x86.Build.0 = Debug|x86
		{C47AB646-986E-4EA5-B09D-6CBA602290E2}.Release|Any CPU.ActiveCfg = Release|x86
		{C47AB646-986E-4EA5-B09D-6CBA602290E2}.Release|x86.ActiveCfg = Release|x86
		{C47AB646-986E-4EA5-B09D-6CBA602290E2}.Release|x86.Build.0 = Release|x86
		{D2FF3909-FD50-4B2B-A764-6B4FC0FDE6A2}.Debug|Any CPU.ActiveCfg = Debug|x86
		{D2FF3909-FD50-4B2B-A764-6B4FC0FDE6A2}.Debug|x86.ActiveCfg = Debug|x86
		{D2FF3909-FD50-4B2B-A764-6B4FC0FDE6A2}.Debug|x86.Build.0 = Debug|x86
		{D2FF3909-FD50-4B2B-A764-6B4FC0FDE6A2}.Release|Any CPU.ActiveCfg = Release|x86
		{D2FF3909-FD50-4B2B-A764-6B4FC0FDE6A2}.Release|x86.ActiveCfg = Release|x86
		{D2FF3909-FD50-4B2B-A764-6B4FC0FDE6A2}.Release|x86.Build.0 = Release|x86
		{A7275EC7-1101-4D9E-8796-7479035E7AE5}.Debug|Any CPU.ActiveCfg = Debug|x86
		{A7275EC7-1101-4D9E-8796-7479035E7AE5}.Debug|x86.ActiveCfg = Debug|x86
		{A7275EC7-1101-4D9E-8796-7479035E7AE5}.Debug|x86.Build.0 = Debug|x86
		{A7275EC7-1101-4D9E-8796-7479035E7AE5}.Release|Any CPU.ActiveCfg = Release|x86
		{A7275EC7-1101-4D9E-8796-7479035E7AE5}.Release|x86.ActiveCfg = Release|x86
		{A7275EC7-1101-4D9E-8796-7479035E7AE5}.Release|x86.Build.0 = Release|x86
	EndGlobalSection
	GlobalSection(SolutionProperties) = preSolution
		HideSolutionNode = FALSE
	EndGlobalSection
	GlobalSection(ExtensibilityGlobals) = postSolution
		SolutionGuid = {23BE11D6-4545-4BB6-B0D2-F284786A3536}
	EndGlobalSection
EndGlobal
